
Microsoft Visual Studio Solution File, Format Version 12.00
# Visual Studio Version 17
VisualStudioVersion = 17.5.002.0
MinimumVisualStudioVersion = 10.0.40219.1
Project("{9A19103F-16F7-4668-BE54-9A1E7A4F7556}") = "net-node-interop", "net-node-interop.csproj", "{AC0AA016-2B87-4F31-A1FA-650CEF509763}"
EndProject
Global
	GlobalSection(SolutionConfigurationPlatforms) = preSolution
		Debug|Any CPU = Debug|Any CPU
		Release|Any CPU = Release|Any CPU
	EndGlobalSection
	GlobalSection(ProjectConfigurationPlatforms) = postSolution
		{AC0AA016-2B87-4F31-A1FA-650CEF509763}.Debug|Any CPU.ActiveCfg = Debug|Any CPU
		{AC0AA016-2B87-4F31-A1FA-650CEF509763}.Debug|Any CPU.Build.0 = Debug|Any CPU
		{AC0AA016-2B87-4F31-A1FA-650CEF509763}.Release|Any CPU.ActiveCfg = Release|Any CPU
		{AC0AA016-2B87-4F31-A1FA-650CEF509763}.Release|Any CPU.Build.0 = Release|Any CPU
	EndGlobalSection
	GlobalSection(SolutionProperties) = preSolution
		HideSolutionNode = FALSE
	EndGlobalSection
	GlobalSection(ExtensibilityGlobals) = postSolution
		SolutionGuid = {86034F2E-F7B0-4868-8FE5-BE16DCF621D6}
	EndGlobalSection
EndGlobal
